// !$*UTF8*$!
{
	archiveVersion = 1;
	classes = {
	};
	objectVersion = 50;
	objects = {

/* Begin PBXBuildFile section */
		649EB21E25F50C7B0091B97F /* SearchBarView.swift in Sources */ = {isa = PBXBuildFile; fileRef = 649EB21D25F50C7B0091B97F /* SearchBarView.swift */; };
		649EB22325F5D04C0091B97F /* PostGridViewView.swift in Sources */ = {isa = PBXBuildFile; fileRef = 649EB22225F5D04C0091B97F /* PostGridViewView.swift */; };
		64B056F425FD131800C6946D /* Extensions.swift in Sources */ = {isa = PBXBuildFile; fileRef = 64B056F325FD131800C6946D /* Extensions.swift */; };
		64B056F725FD13E100C6946D /* NotificationCell.swift in Sources */ = {isa = PBXBuildFile; fileRef = 64B056F625FD13E100C6946D /* NotificationCell.swift */; };
		64B08A9125F5E0F10067B5F8 /* UserCellView.swift in Sources */ = {isa = PBXBuildFile; fileRef = 64B08A9025F5E0F10067B5F8 /* UserCellView.swift */; };
		64B08A9425F5E10B0067B5F8 /* UserListView.swift in Sources */ = {isa = PBXBuildFile; fileRef = 64B08A9325F5E10B0067B5F8 /* UserListView.swift */; };
		64B9590625F48CBB004F687A /* ImitationOfSomethingApp.swift in Sources */ = {isa = PBXBuildFile; fileRef = 64B9590525F48CBB004F687A /* ImitationOfSomethingApp.swift */; };
		64B9590A25F48CBC004F687A /* Assets.xcassets in Resources */ = {isa = PBXBuildFile; fileRef = 64B9590925F48CBC004F687A /* Assets.xcassets */; };
		64B9590D25F48CBC004F687A /* Preview Assets.xcassets in Resources */ = {isa = PBXBuildFile; fileRef = 64B9590C25F48CBC004F687A /* Preview Assets.xcassets */; };
		64B9592B25F497B7004F687A /* MainTabView.swift in Sources */ = {isa = PBXBuildFile; fileRef = 64B9592A25F497B7004F687A /* MainTabView.swift */; };
		64B9592F25F49830004F687A /* FeedView.swift in Sources */ = {isa = PBXBuildFile; fileRef = 64B9592E25F49830004F687A /* FeedView.swift */; };
		64B9593225F49890004F687A /* SearchView.swift in Sources */ = {isa = PBXBuildFile; fileRef = 64B9593125F49890004F687A /* SearchView.swift */; };
		64B9593525F498A8004F687A /* NotificationView.swift in Sources */ = {isa = PBXBuildFile; fileRef = 64B9593425F498A8004F687A /* NotificationView.swift */; };
		64B9593825F498BB004F687A /* ProfileView.swift in Sources */ = {isa = PBXBuildFile; fileRef = 64B9593725F498BB004F687A /* ProfileView.swift */; };
		64B9593B25F498E8004F687A /* UploadPostView.swift in Sources */ = {isa = PBXBuildFile; fileRef = 64B9593A25F498E8004F687A /* UploadPostView.swift */; };
		64B9593F25F49C06004F687A /* ContentView.swift in Sources */ = {isa = PBXBuildFile; fileRef = 64B9593E25F49C06004F687A /* ContentView.swift */; };
		64B9594425F4AD0F004F687A /* FeedCellView.swift in Sources */ = {isa = PBXBuildFile; fileRef = 64B9594325F4AD0F004F687A /* FeedCellView.swift */; };
/* End PBXBuildFile section */

/* Begin PBXFileReference section */
		649EB21D25F50C7B0091B97F /* SearchBarView.swift */ = {isa = PBXFileReference; lastKnownFileType = sourcecode.swift; path = SearchBarView.swift; sourceTree = "<group>"; };
		649EB22225F5D04C0091B97F /* PostGridViewView.swift */ = {isa = PBXFileReference; lastKnownFileType = sourcecode.swift; path = PostGridViewView.swift; sourceTree = "<group>"; };
		64B056F325FD131800C6946D /* Extensions.swift */ = {isa = PBXFileReference; lastKnownFileType = sourcecode.swift; path = Extensions.swift; sourceTree = "<group>"; };
		64B056F625FD13E100C6946D /* NotificationCell.swift */ = {isa = PBXFileReference; lastKnownFileType = sourcecode.swift; path = NotificationCell.swift; sourceTree = "<group>"; };
		64B08A9025F5E0F10067B5F8 /* UserCellView.swift */ = {isa = PBXFileReference; lastKnownFileType = sourcecode.swift; path = UserCellView.swift; sourceTree = "<group>"; };
		64B08A9325F5E10B0067B5F8 /* UserListView.swift */ = {isa = PBXFileReference; lastKnownFileType = sourcecode.swift; path = UserListView.swift; sourceTree = "<group>"; };
		64B9590225F48CBB004F687A /* ImitationOfSomething.app */ = {isa = PBXFileReference; explicitFileType = wrapper.application; includeInIndex = 0; path = ImitationOfSomething.app; sourceTree = BUILT_PRODUCTS_DIR; };
		64B9590525F48CBB004F687A /* ImitationOfSomethingApp.swift */ = {isa = PBXFileReference; lastKnownFileType = sourcecode.swift; path = ImitationOfSomethingApp.swift; sourceTree = "<group>"; };
		64B9590925F48CBC004F687A /* Assets.xcassets */ = {isa = PBXFileReference; lastKnownFileType = folder.assetcatalog; path = Assets.xcassets; sourceTree = "<group>"; };
		64B9590C25F48CBC004F687A /* Preview Assets.xcassets */ = {isa = PBXFileReference; lastKnownFileType = folder.assetcatalog; path = "Preview Assets.xcassets"; sourceTree = "<group>"; };
		64B9590E25F48CBC004F687A /* Info.plist */ = {isa = PBXFileReference; lastKnownFileType = text.plist.xml; path = Info.plist; sourceTree = "<group>"; };
		64B9592A25F497B7004F687A /* MainTabView.swift */ = {isa = PBXFileReference; lastKnownFileType = sourcecode.swift; path = MainTabView.swift; sourceTree = "<group>"; };
		64B9592E25F49830004F687A /* FeedView.swift */ = {isa = PBXFileReference; lastKnownFileType = sourcecode.swift; path = FeedView.swift; sourceTree = "<group>"; };
		64B9593125F49890004F687A /* SearchView.swift */ = {isa = PBXFileReference; lastKnownFileType = sourcecode.swift; path = SearchView.swift; sourceTree = "<group>"; };
		64B9593425F498A8004F687A /* NotificationView.swift */ = {isa = PBXFileReference; lastKnownFileType = sourcecode.swift; path = NotificationView.swift; sourceTree = "<group>"; };
		64B9593725F498BB004F687A /* ProfileView.swift */ = {isa = PBXFileReference; lastKnownFileType = sourcecode.swift; path = ProfileView.swift; sourceTree = "<group>"; };
		64B9593A25F498E8004F687A /* UploadPostView.swift */ = {isa = PBXFileReference; lastKnownFileType = sourcecode.swift; path = UploadPostView.swift; sourceTree = "<group>"; };
		64B9593E25F49C06004F687A /* ContentView.swift */ = {isa = PBXFileReference; lastKnownFileType = sourcecode.swift; path = ContentView.swift; sourceTree = "<group>"; };
		64B9594325F4AD0F004F687A /* FeedCellView.swift */ = {isa = PBXFileReference; lastKnownFileType = sourcecode.swift; path = FeedCellView.swift; sourceTree = "<group>"; };
/* End PBXFileReference section */

/* Begin PBXFrameworksBuildPhase section */
		64B958FF25F48CBB004F687A /* Frameworks */ = {
			isa = PBXFrameworksBuildPhase;
			buildActionMask = 2147483647;
			files = (
			);
			runOnlyForDeploymentPostprocessing = 0;
		};
/* End PBXFrameworksBuildPhase section */

/* Begin PBXGroup section */
		64B958F925F48CBB004F687A = {
			isa = PBXGroup;
			children = (
				64B9590425F48CBB004F687A /* ImitationOfSomething */,
				64B9590325F48CBB004F687A /* Products */,
			);
			sourceTree = "<group>";
		};
		64B9590325F48CBB004F687A /* Products */ = {
			isa = PBXGroup;
			children = (
				64B9590225F48CBB004F687A /* ImitationOfSomething.app */,
			);
			name = Products;
			sourceTree = "<group>";
		};
		64B9590425F48CBB004F687A /* ImitationOfSomething */ = {
			isa = PBXGroup;
			children = (
				64B9592525F49588004F687A /* ViewModel */,
				64B9591925F48D2B004F687A /* Model */,
				64B9591825F48D25004F687A /* View */,
				64B9591625F48D18004F687A /* API */,
				64B9591525F48D05004F687A /* Utils */,
				64B9590525F48CBB004F687A /* ImitationOfSomethingApp.swift */,
				64B9590925F48CBC004F687A /* Assets.xcassets */,
				64B9590E25F48CBC004F687A /* Info.plist */,
				64B9590B25F48CBC004F687A /* Preview Content */,
			);
			path = ImitationOfSomething;
			sourceTree = "<group>";
		};
		64B9590B25F48CBC004F687A /* Preview Content */ = {
			isa = PBXGroup;
			children = (
				64B9590C25F48CBC004F687A /* Preview Assets.xcassets */,
			);
			path = "Preview Content";
			sourceTree = "<group>";
		};
		64B9591525F48D05004F687A /* Utils */ = {
			isa = PBXGroup;
			children = (
				64B056F325FD131800C6946D /* Extensions.swift */,
			);
			name = Utils;
			sourceTree = "<group>";
		};
		64B9591625F48D18004F687A /* API */ = {
			isa = PBXGroup;
			children = (
			);
			name = API;
			sourceTree = "<group>";
		};
		64B9591825F48D25004F687A /* View */ = {
			isa = PBXGroup;
			children = (
				64B9592325F49535004F687A /* Items */,
				64B9592225F49524004F687A /* Authentication */,
				64B9592125F4950D004F687A /* Notification */,
				64B9592025F49504004F687A /* Search */,
				64B9591F25F494F4004F687A /* Comments */,
				64B9591E25F494EC004F687A /* Feed */,
				64B9591D25F494BF004F687A /* Profile */,
				64B9591C25F494B2004F687A /* UploadPost */,
				64B9591B25F494A7004F687A /* Main */,
			);
			name = View;
			sourceTree = "<group>";
		};
		64B9591925F48D2B004F687A /* Model */ = {
			isa = PBXGroup;
			children = (
			);
			path = Model;
			sourceTree = "<group>";
		};
		64B9591B25F494A7004F687A /* Main */ = {
			isa = PBXGroup;
			children = (
				64B9592A25F497B7004F687A /* MainTabView.swift */,
				64B9593E25F49C06004F687A /* ContentView.swift */,
			);
			path = Main;
			sourceTree = "<group>";
		};
		64B9591C25F494B2004F687A /* UploadPost */ = {
			isa = PBXGroup;
			children = (
				64B9593A25F498E8004F687A /* UploadPostView.swift */,
			);
			name = UploadPost;
			sourceTree = "<group>";
		};
		64B9591D25F494BF004F687A /* Profile */ = {
			isa = PBXGroup;
			children = (
				64B9593725F498BB004F687A /* ProfileView.swift */,
			);
			name = Profile;
			sourceTree = "<group>";
		};
		64B9591E25F494EC004F687A /* Feed */ = {
			isa = PBXGroup;
			children = (
				64B9592E25F49830004F687A /* FeedView.swift */,
				64B9594325F4AD0F004F687A /* FeedCellView.swift */,
			);
			path = Feed;
			sourceTree = "<group>";
		};
		64B9591F25F494F4004F687A /* Comments */ = {
			isa = PBXGroup;
			children = (
			);
			name = Comments;
			sourceTree = "<group>";
		};
		64B9592025F49504004F687A /* Search */ = {
			isa = PBXGroup;
			children = (
				64B9593125F49890004F687A /* SearchView.swift */,
				649EB21D25F50C7B0091B97F /* SearchBarView.swift */,
			);
			path = Search;
			sourceTree = "<group>";
		};
		64B9592125F4950D004F687A /* Notification */ = {
			isa = PBXGroup;
			children = (
				64B9593425F498A8004F687A /* NotificationView.swift */,
				64B056F625FD13E100C6946D /* NotificationCell.swift */,
			);
			name = Notification;
			sourceTree = "<group>";
		};
		64B9592225F49524004F687A /* Authentication */ = {
			isa = PBXGroup;
			children = (
			);
			path = Authentication;
			sourceTree = "<group>";
		};
		64B9592325F49535004F687A /* Items */ = {
			isa = PBXGroup;
			children = (
				649EB22225F5D04C0091B97F /* PostGridViewView.swift */,
				64B08A9025F5E0F10067B5F8 /* UserCellView.swift */,
				64B08A9325F5E10B0067B5F8 /* UserListView.swift */,
			);
			name = Items;
			sourceTree = "<group>";
		};
		64B9592525F49588004F687A /* ViewModel */ = {
			isa = PBXGroup;
			children = (
				64B9592925F495CB004F687A /* Profile */,
				64B9592825F495C0004F687A /* Authentication */,
				64B9592725F495B5004F687A /* Notification */,
				64B9592625F495AF004F687A /* Feed */,
			);
			path = ViewModel;
			sourceTree = "<group>";
		};
		64B9592625F495AF004F687A /* Feed */ = {
			isa = PBXGroup;
			children = (
			);
			name = Feed;
			sourceTree = "<group>";
		};
		64B9592725F495B5004F687A /* Notification */ = {
			isa = PBXGroup;
			children = (
			);
			path = Notification;
			sourceTree = "<group>";
		};
		64B9592825F495C0004F687A /* Authentication */ = {
			isa = PBXGroup;
			children = (
			);
			name = Authentication;
			sourceTree = "<group>";
		};
		64B9592925F495CB004F687A /* Profile */ = {
			isa = PBXGroup;
			children = (
			);
			path = Profile;
			sourceTree = "<group>";
		};
/* End PBXGroup section */

/* Begin PBXNativeTarget section */
		64B9590125F48CBB004F687A /* ImitationOfSomething */ = {
			isa = PBXNativeTarget;
			buildConfigurationList = 64B9591125F48CBC004F687A /* Build configuration list for PBXNativeTarget "ImitationOfSomething" */;
			buildPhases = (
				64B958FE25F48CBB004F687A /* Sources */,
				64B958FF25F48CBB004F687A /* Frameworks */,
				64B9590025F48CBB004F687A /* Resources */,
			);
			buildRules = (
			);
			dependencies = (
			);
			name = ImitationOfSomething;
			productName = ImitationOfSomething;
			productReference = 64B9590225F48CBB004F687A /* ImitationOfSomething.app */;
			productType = "com.apple.product-type.application";
		};
/* End PBXNativeTarget section */

/* Begin PBXProject section */
		64B958FA25F48CBB004F687A /* Project object */ = {
			isa = PBXProject;
			attributes = {
				LastSwiftUpdateCheck = 1240;
				LastUpgradeCheck = 1240;
				TargetAttributes = {
					64B9590125F48CBB004F687A = {
						CreatedOnToolsVersion = 12.4;
					};
				};
			};
			buildConfigurationList = 64B958FD25F48CBB004F687A /* Build configuration list for PBXProject "ImitationOfSomething" */;
			compatibilityVersion = "Xcode 9.3";
			developmentRegion = en;
			hasScannedForEncodings = 0;
			knownRegions = (
				en,
				Base,
			);
			mainGroup = 64B958F925F48CBB004F687A;
			productRefGroup = 64B9590325F48CBB004F687A /* Products */;
			projectDirPath = "";
			projectRoot = "";
			targets = (
				64B9590125F48CBB004F687A /* ImitationOfSomething */,
			);
		};
/* End PBXProject section */

/* Begin PBXResourcesBuildPhase section */
		64B9590025F48CBB004F687A /* Resources */ = {
			isa = PBXResourcesBuildPhase;
			buildActionMask = 2147483647;
			files = (
				64B9590D25F48CBC004F687A /* Preview Assets.xcassets in Resources */,
				64B9590A25F48CBC004F687A /* Assets.xcassets in Resources */,
			);
			runOnlyForDeploymentPostprocessing = 0;
		};
/* End PBXResourcesBuildPhase section */

/* Begin PBXSourcesBuildPhase section */
		64B958FE25F48CBB004F687A /* Sources */ = {
			isa = PBXSourcesBuildPhase;
			buildActionMask = 2147483647;
			files = (
				649EB21E25F50C7B0091B97F /* SearchBarView.swift in Sources */,
				64B9593225F49890004F687A /* SearchView.swift in Sources */,
				64B9592F25F49830004F687A /* FeedView.swift in Sources */,
				64B9593F25F49C06004F687A /* ContentView.swift in Sources */,
				64B9590625F48CBB004F687A /* ImitationOfSomethingApp.swift in Sources */,
				649EB22325F5D04C0091B97F /* PostGridViewView.swift in Sources */,
				64B9592B25F497B7004F687A /* MainTabView.swift in Sources */,
				64B08A9125F5E0F10067B5F8 /* UserCellView.swift in Sources */,
				64B9593B25F498E8004F687A /* UploadPostView.swift in Sources */,
				64B9594425F4AD0F004F687A /* FeedCellView.swift in Sources */,
				64B9593825F498BB004F687A /* ProfileView.swift in Sources */,
				64B9593525F498A8004F687A /* NotificationView.swift in Sources */,
				64B08A9425F5E10B0067B5F8 /* UserListView.swift in Sources */,
				64B056F725FD13E100C6946D /* NotificationCell.swift in Sources */,
				64B056F425FD131800C6946D /* Extensions.swift in Sources */,
			);
			runOnlyForDeploymentPostprocessing = 0;
		};
/* End PBXSourcesBuildPhase section */

/* Begin XCBuildConfiguration section */
		64B9590F25F48CBC004F687A /* Debug */ = {
			isa = XCBuildConfiguration;
			buildSettings = {
				ALWAYS_SEARCH_USER_PATHS = NO;
				CLANG_ANALYZER_NONNULL = YES;
				CLANG_ANALYZER_NUMBER_OBJECT_CONVERSION = YES_AGGRESSIVE;
				CLANG_CXX_LANGUAGE_STANDARD = "gnu++14";
				CLANG_CXX_LIBRARY = "libc++";
				CLANG_ENABLE_MODULES = YES;
				CLANG_ENABLE_OBJC_ARC = YES;
				CLANG_ENABLE_OBJC_WEAK = YES;
				CLANG_WARN_BLOCK_CAPTURE_AUTORELEASING = YES;
				CLANG_WARN_BOOL_CONVERSION = YES;
				CLANG_WARN_COMMA = YES;
				CLANG_WARN_CONSTANT_CONVERSION = YES;
				CLANG_WARN_DEPRECATED_OBJC_IMPLEMENTATIONS = YES;
				CLANG_WARN_DIRECT_OBJC_ISA_USAGE = YES_ERROR;
				CLANG_WARN_DOCUMENTATION_COMMENTS = YES;
				CLANG_WARN_EMPTY_BODY = YES;
				CLANG_WARN_ENUM_CONVERSION = YES;
				CLANG_WARN_INFINITE_RECURSION = YES;
				CLANG_WARN_INT_CONVERSION = YES;
				CLANG_WARN_NON_LITERAL_NULL_CONVERSION = YES;
				CLANG_WARN_OBJC_IMPLICIT_RETAIN_SELF = YES;
				CLANG_WARN_OBJC_LITERAL_CONVERSION = YES;
				CLANG_WARN_OBJC_ROOT_CLASS = YES_ERROR;
				CLANG_WARN_QUOTED_INCLUDE_IN_FRAMEWORK_HEADER = YES;
				CLANG_WARN_RANGE_LOOP_ANALYSIS = YES;
				CLANG_WARN_STRICT_PROTOTYPES = YES;
				CLANG_WARN_SUSPICIOUS_MOVE = YES;
				CLANG_WARN_UNGUARDED_AVAILABILITY = YES_AGGRESSIVE;
				CLANG_WARN_UNREACHABLE_CODE = YES;
				CLANG_WARN__DUPLICATE_METHOD_MATCH = YES;
				COPY_PHASE_STRIP = NO;
				DEBUG_INFORMATION_FORMAT = dwarf;
				ENABLE_STRICT_OBJC_MSGSEND = YES;
				ENABLE_TESTABILITY = YES;
				GCC_C_LANGUAGE_STANDARD = gnu11;
				GCC_DYNAMIC_NO_PIC = NO;
				GCC_NO_COMMON_BLOCKS = YES;
				GCC_OPTIMIZATION_LEVEL = 0;
				GCC_PREPROCESSOR_DEFINITIONS = (
					"DEBUG=1",
					"$(inherited)",
				);
				GCC_WARN_64_TO_32_BIT_CONVERSION = YES;
				GCC_WARN_ABOUT_RETURN_TYPE = YES_ERROR;
				GCC_WARN_UNDECLARED_SELECTOR = YES;
				GCC_WARN_UNINITIALIZED_AUTOS = YES_AGGRESSIVE;
				GCC_WARN_UNUSED_FUNCTION = YES;
				GCC_WARN_UNUSED_VARIABLE = YES;
				IPHONEOS_DEPLOYMENT_TARGET = 14.4;
				MTL_ENABLE_DEBUG_INFO = INCLUDE_SOURCE;
				MTL_FAST_MATH = YES;
				ONLY_ACTIVE_ARCH = YES;
				SDKROOT = iphoneos;
				SWIFT_ACTIVE_COMPILATION_CONDITIONS = DEBUG;
				SWIFT_OPTIMIZATION_LEVEL = "-Onone";
			};
			name = Debug;
		};
		64B9591025F48CBC004F687A /* Release */ = {
			isa = XCBuildConfiguration;
			buildSettings = {
				ALWAYS_SEARCH_USER_PATHS = NO;
				CLANG_ANALYZER_NONNULL = YES;
				CLANG_ANALYZER_NUMBER_OBJECT_CONVERSION = YES_AGGRESSIVE;
				CLANG_CXX_LANGUAGE_STANDARD = "gnu++14";
				CLANG_CXX_LIBRARY = "libc++";
				CLANG_ENABLE_MODULES = YES;
				CLANG_ENABLE_OBJC_ARC = YES;
				CLANG_ENABLE_OBJC_WEAK = YES;
				CLANG_WARN_BLOCK_CAPTURE_AUTORELEASING = YES;
				CLANG_WARN_BOOL_CONVERSION = YES;
				CLANG_WARN_COMMA = YES;
				CLANG_WARN_CONSTANT_CONVERSION = YES;
				CLANG_WARN_DEPRECATED_OBJC_IMPLEMENTATIONS = YES;
				CLANG_WARN_DIRECT_OBJC_ISA_USAGE = YES_ERROR;
				CLANG_WARN_DOCUMENTATION_COMMENTS = YES;
				CLANG_WARN_EMPTY_BODY = YES;
				CLANG_WARN_ENUM_CONVERSION = YES;
				CLANG_WARN_INFINITE_RECURSION = YES;
				CLANG_WARN_INT_CONVERSION = YES;
				CLANG_WARN_NON_LITERAL_NULL_CONVERSION = YES;
				CLANG_WARN_OBJC_IMPLICIT_RETAIN_SELF = YES;
				CLANG_WARN_OBJC_LITERAL_CONVERSION = YES;
				CLANG_WARN_OBJC_ROOT_CLASS = YES_ERROR;
				CLANG_WARN_QUOTED_INCLUDE_IN_FRAMEWORK_HEADER = YES;
				CLANG_WARN_RANGE_LOOP_ANALYSIS = YES;
				CLANG_WARN_STRICT_PROTOTYPES = YES;
				CLANG_WARN_SUSPICIOUS_MOVE = YES;
				CLANG_WARN_UNGUARDED_AVAILABILITY = YES_AGGRESSIVE;
				CLANG_WARN_UNREACHABLE_CODE = YES;
				CLANG_WARN__DUPLICATE_METHOD_MATCH = YES;
				COPY_PHASE_STRIP = NO;
				DEBUG_INFORMATION_FORMAT = "dwarf-with-dsym";
				ENABLE_NS_ASSERTIONS = NO;
				ENABLE_STRICT_OBJC_MSGSEND = YES;
				GCC_C_LANGUAGE_STANDARD = gnu11;
				GCC_NO_COMMON_BLOCKS = YES;
				GCC_WARN_64_TO_32_BIT_CONVERSION = YES;
				GCC_WARN_ABOUT_RETURN_TYPE = YES_ERROR;
				GCC_WARN_UNDECLARED_SELECTOR = YES;
				GCC_WARN_UNINITIALIZED_AUTOS = YES_AGGRESSIVE;
				GCC_WARN_UNUSED_FUNCTION = YES;
				GCC_WARN_UNUSED_VARIABLE = YES;
				IPHONEOS_DEPLOYMENT_TARGET = 14.4;
				MTL_ENABLE_DEBUG_INFO = NO;
				MTL_FAST_MATH = YES;
				SDKROOT = iphoneos;
				SWIFT_COMPILATION_MODE = wholemodule;
				SWIFT_OPTIMIZATION_LEVEL = "-O";
				VALIDATE_PRODUCT = YES;
			};
			name = Release;
		};
		64B9591225F48CBC004F687A /* Debug */ = {
			isa = XCBuildConfiguration;
			buildSettings = {
				ASSETCATALOG_COMPILER_APPICON_NAME = AppIcon;
				ASSETCATALOG_COMPILER_GLOBAL_ACCENT_COLOR_NAME = AccentColor;
				CODE_SIGN_STYLE = Automatic;
				DEVELOPMENT_ASSET_PATHS = "\"ImitationOfSomething/Preview Content\"";
				DEVELOPMENT_TEAM = 45PU63P9V7;
				ENABLE_PREVIEWS = YES;
				INFOPLIST_FILE = ImitationOfSomething/Info.plist;
				IPHONEOS_DEPLOYMENT_TARGET = 14.0;
				LD_RUNPATH_SEARCH_PATHS = (
					"$(inherited)",
					"@executable_path/Frameworks",
				);
				PRODUCT_BUNDLE_IDENTIFIER = jp.gaku.ImitationOfSomething;
				PRODUCT_NAME = "$(TARGET_NAME)";
				SWIFT_VERSION = 5.0;
				TARGETED_DEVICE_FAMILY = "1,2";
			};
			name = Debug;
		};
		64B9591325F48CBC004F687A /* Release */ = {
			isa = XCBuildConfiguration;
			buildSettings = {
				ASSETCATALOG_COMPILER_APPICON_NAME = AppIcon;
				ASSETCATALOG_COMPILER_GLOBAL_ACCENT_COLOR_NAME = AccentColor;
				CODE_SIGN_STYLE = Automatic;
				DEVELOPMENT_ASSET_PATHS = "\"ImitationOfSomething/Preview Content\"";
				DEVELOPMENT_TEAM = 45PU63P9V7;
				ENABLE_PREVIEWS = YES;
				INFOPLIST_FILE = ImitationOfSomething/Info.plist;
				IPHONEOS_DEPLOYMENT_TARGET = 14.0;
				LD_RUNPATH_SEARCH_PATHS = (
					"$(inherited)",
					"@executable_path/Frameworks",
				);
				PRODUCT_BUNDLE_IDENTIFIER = jp.gaku.ImitationOfSomething;
				PRODUCT_NAME = "$(TARGET_NAME)";
				SWIFT_VERSION = 5.0;
				TARGETED_DEVICE_FAMILY = "1,2";
			};
			name = Release;
		};
/* End XCBuildConfiguration section */

/* Begin XCConfigurationList section */
		64B958FD25F48CBB004F687A /* Build configuration list for PBXProject "ImitationOfSomething" */ = {
			isa = XCConfigurationList;
			buildConfigurations = (
				64B9590F25F48CBC004F687A /* Debug */,
				64B9591025F48CBC004F687A /* Release */,
			);
			defaultConfigurationIsVisible = 0;
			defaultConfigurationName = Release;
		};
		64B9591125F48CBC004F687A /* Build configuration list for PBXNativeTarget "ImitationOfSomething" */ = {
			isa = XCConfigurationList;
			buildConfigurations = (
				64B9591225F48CBC004F687A /* Debug */,
				64B9591325F48CBC004F687A /* Release */,
			);
			defaultConfigurationIsVisible = 0;
			defaultConfigurationName = Release;
		};
/* End XCConfigurationList section */
	};
	rootObject = 64B958FA25F48CBB004F687A /* Project object */;
}
